
Microsoft Visual Studio Solution File, Format Version 12.00
# Visual Studio Version 17
VisualStudioVersion = 17.5.33530.505
MinimumVisualStudioVersion = 10.0.40219.1
Project("{FAE04EC0-301F-11D3-BF4B-00C04F79EFBC}") = "Arrays", "Arrays.csproj", "{D0233B26-247A-48E9-8221-9009A3DA0681}"
EndProject
Global
	GlobalSection(SolutionConfigurationPlatforms) = preSolution
		Debug|Any CPU = Debug|Any CPU
		Release|Any CPU = Release|Any CPU
	EndGlobalSection
	GlobalSection(ProjectConfigurationPlatforms) = postSolution
		{D0233B26-247A-48E9-8221-9009A3DA0681}.Debug|Any CPU.ActiveCfg = Debug|Any CPU
		{D0233B26-247A-48E9-8221-9009A3DA0681}.Debug|Any CPU.Build.0 = Debug|Any CPU
		{D0233B26-247A-48E9-8221-9009A3DA0681}.Release|Any CPU.ActiveCfg = Release|Any CPU
		{D0233B26-247A-48E9-8221-9009A3DA0681}.Release|Any CPU.Build.0 = Release|Any CPU
	EndGlobalSection
	GlobalSection(SolutionProperties) = preSolution
		HideSolutionNode = FALSE
	EndGlobalSection
	GlobalSection(ExtensibilityGlobals) = postSolution
		SolutionGuid = {3500B552-1AF9-43D5-AE97-04476DC05990}
	EndGlobalSection
EndGlobal
